
Microsoft Visual Studio Solution File, Format Version 12.00
# Visual Studio 14
VisualStudioVersion = 14.0.25420.1
MinimumVisualStudioVersion = 10.0.40219.1
Project("{FAE04EC0-301F-11D3-BF4B-00C04F79EFBC}") = "Petro_F", "Petro_F\Petro_F.csproj", "{A55D13A2-A601-4B75-94D6-19278B2CBE27}"
EndProject
Global
	GlobalSection(SolutionConfigurationPlatforms) = preSolution
		Debug|Any CPU = Debug|Any CPU
		Release|Any CPU = Release|Any CPU
	EndGlobalSection
	GlobalSection(ProjectConfigurationPlatforms) = postSolution
		{A55D13A2-A601-4B75-94D6-19278B2CBE27}.Debug|Any CPU.ActiveCfg = Debug|Any CPU
		{A55D13A2-A601-4B75-94D6-19278B2CBE27}.Debug|Any CPU.Build.0 = Debug|Any CPU
		{A55D13A2-A601-4B75-94D6-19278B2CBE27}.Release|Any CPU.ActiveCfg = Release|Any CPU
		{A55D13A2-A601-4B75-94D6-19278B2CBE27}.Release|Any CPU.Build.0 = Release|Any CPU
	EndGlobalSection
	GlobalSection(SolutionProperties) = preSolution
		HideSolutionNode = FALSE
	EndGlobalSection
EndGlobal
